
Microsoft Visual Studio Solution File, Format Version 12.00
# Visual Studio Version 17
VisualStudioVersion = 17.10.34607.79
MinimumVisualStudioVersion = 10.0.40219.1
Project("{FAE04EC0-301F-11D3-BF4B-00C04F79EFBC}") = "task1", "task1\task1.csproj", "{ABF87D44-0E43-445B-BCDD-9F4D207D8976}"
EndProject
Global
	GlobalSection(SolutionConfigurationPlatforms) = preSolution
		Debug|Any CPU = Debug|Any CPU
		Release|Any CPU = Release|Any CPU
	EndGlobalSection
	GlobalSection(ProjectConfigurationPlatforms) = postSolution
		{ABF87D44-0E43-445B-BCDD-9F4D207D8976}.Debug|Any CPU.ActiveCfg = Debug|Any CPU
		{ABF87D44-0E43-445B-BCDD-9F4D207D8976}.Debug|Any CPU.Build.0 = Debug|Any CPU
		{ABF87D44-0E43-445B-BCDD-9F4D207D8976}.Release|Any CPU.ActiveCfg = Release|Any CPU
		{ABF87D44-0E43-445B-BCDD-9F4D207D8976}.Release|Any CPU.Build.0 = Release|Any CPU
	EndGlobalSection
	GlobalSection(SolutionProperties) = preSolution
		HideSolutionNode = FALSE
	EndGlobalSection
	GlobalSection(ExtensibilityGlobals) = postSolution
		SolutionGuid = {98256D96-B118-4825-8B3F-3813348226C6}
	EndGlobalSection
EndGlobal
